
Microsoft Visual Studio Solution File, Format Version 12.00
# Visual Studio Version 16
VisualStudioVersion = 16.0.31112.23
MinimumVisualStudioVersion = 10.0.40219.1
Project("{FAE04EC0-301F-11D3-BF4B-00C04F79EFBC}") = "MassDB", "MassDB\MassDB.csproj", "{84FF51EA-0AC0-403F-BEEE-05CC5F3CD441}"
EndProject
Global
	GlobalSection(SolutionConfigurationPlatforms) = preSolution
		Debug|Any CPU = Debug|Any CPU
		Release|Any CPU = Release|Any CPU
	EndGlobalSection
	GlobalSection(ProjectConfigurationPlatforms) = postSolution
		{84FF51EA-0AC0-403F-BEEE-05CC5F3CD441}.Debug|Any CPU.ActiveCfg = Debug|Any CPU
		{84FF51EA-0AC0-403F-BEEE-05CC5F3CD441}.Debug|Any CPU.Build.0 = Debug|Any CPU
		{84FF51EA-0AC0-403F-BEEE-05CC5F3CD441}.Release|Any CPU.ActiveCfg = Release|Any CPU
		{84FF51EA-0AC0-403F-BEEE-05CC5F3CD441}.Release|Any CPU.Build.0 = Release|Any CPU
	EndGlobalSection
	GlobalSection(SolutionProperties) = preSolution
		HideSolutionNode = FALSE
	EndGlobalSection
	GlobalSection(ExtensibilityGlobals) = postSolution
		SolutionGuid = {F39CC3F5-20B0-4A83-8D36-1FC998893D80}
	EndGlobalSection
EndGlobal
